
Microsoft Visual Studio Solution File, Format Version 11.00
# Visual Studio 2010
Project("{2150E333-8FDC-42A3-9474-1A3956D46DE8}") = "Solution Items", "Solution Items", "{D09FC077-C1DB-4C48-A2CE-FAFE72ADF8CA}"
	ProjectSection(SolutionItems) = preProject
		.gitignore = .gitignore
		grunt.js = grunt.js
		MIT-LICENSE.md = MIT-LICENSE.md
		package.json = package.json
		README.md = README.md
		SpecRunner.html = SpecRunner.html
	EndProjectSection
EndProject
Project("{2150E333-8FDC-42A3-9474-1A3956D46DE8}") = "src", "src", "{C3885CA1-9C77-4391-915C-9BC1E3B80415}"
	ProjectSection(SolutionItems) = preProject
		src\bindingFactory.js = src\bindingFactory.js
		src\button.js = src\button.js
		src\buttonset.js = src\buttonset.js
		src\dialog.js = src\dialog.js
		src\menu.js = src\menu.js
		src\tabs.js = src\tabs.js
	EndProjectSection
EndProject
Project("{2150E333-8FDC-42A3-9474-1A3956D46DE8}") = "build", "build", "{2BEAD328-8734-424D-B433-BD3EDA23655B}"
	ProjectSection(SolutionItems) = preProject
		build\knockout-jqueryui.js = build\knockout-jqueryui.js
		build\knockout-jqueryui.min.js = build\knockout-jqueryui.min.js
	EndProjectSection
EndProject
Project("{2150E333-8FDC-42A3-9474-1A3956D46DE8}") = "lib", "lib", "{6001E32E-962A-4C62-8782-0AE62E9C3538}"
	ProjectSection(SolutionItems) = preProject
		lib\jquery-1.8.3.js = lib\jquery-1.8.3.js
		lib\jquery-ui-1.9.2.js = lib\jquery-ui-1.9.2.js
		lib\knockout-2.2.0.js = lib\knockout-2.2.0.js
	EndProjectSection
EndProject
Project("{2150E333-8FDC-42A3-9474-1A3956D46DE8}") = "jasmine-1.3.1", "jasmine-1.3.1", "{CF849C9B-9D62-467E-B166-DA7757EAE9C5}"
	ProjectSection(SolutionItems) = preProject
		lib\jasmine-1.3.1\jasmine-html.js = lib\jasmine-1.3.1\jasmine-html.js
		lib\jasmine-1.3.1\jasmine.css = lib\jasmine-1.3.1\jasmine.css
		lib\jasmine-1.3.1\jasmine.js = lib\jasmine-1.3.1\jasmine.js
		lib\jasmine-1.3.1\MIT.LICENSE = lib\jasmine-1.3.1\MIT.LICENSE
	EndProjectSection
EndProject
Project("{2150E333-8FDC-42A3-9474-1A3956D46DE8}") = "spec", "spec", "{CA0BAF29-7BD0-4356-B92D-CD00F9814278}"
	ProjectSection(SolutionItems) = preProject
		spec\bindingFactory.spec.js = spec\bindingFactory.spec.js
		spec\button.spec.js = spec\button.spec.js
		spec\buttonset.spec.js = spec\buttonset.spec.js
		spec\dialog.spec.js = spec\dialog.spec.js
	EndProjectSection
EndProject
Project("{2150E333-8FDC-42A3-9474-1A3956D46DE8}") = "demo", "demo", "{A52088C6-9995-48FF-AE4F-63CF1AD7A80D}"
EndProject
Project("{2150E333-8FDC-42A3-9474-1A3956D46DE8}") = "button", "button", "{F7EB443B-76B7-446C-BCBE-32C0DB745D0E}"
	ProjectSection(SolutionItems) = preProject
		demo\button\demo.details = demo\button\demo.details
		demo\button\demo.html = demo\button\demo.html
		demo\button\demo.js = demo\button\demo.js
	EndProjectSection
EndProject
Global
	GlobalSection(SolutionProperties) = preSolution
		HideSolutionNode = FALSE
	EndGlobalSection
	GlobalSection(NestedProjects) = preSolution
		{CF849C9B-9D62-467E-B166-DA7757EAE9C5} = {6001E32E-962A-4C62-8782-0AE62E9C3538}
		{F7EB443B-76B7-446C-BCBE-32C0DB745D0E} = {A52088C6-9995-48FF-AE4F-63CF1AD7A80D}
	EndGlobalSection
EndGlobal
